
Microsoft Visual Studio Solution File, Format Version 12.00
# Visual Studio Version 17
VisualStudioVersion = 17.14.37614.0
MinimumVisualStudioVersion = 10.0.40219.1
Project("{FAE04EC0-301F-11D3-BF4B-00C04F79EFBC}") = "Tyuiu.NurpeisovaAK.Sprint1.Task0.V14.Test", "Tyuiu.NurpeisovaAK.Sprint1.Task0.V14.Test\Tyuiu.NurpeisovaAK.Sprint1.Task0.V14.Test.csproj", "{79F6EE0C-6F7B-4805-BE0D-3C791A43CED8}"
EndProject
Project("{FAE04EC0-301F-11D3-BF4B-00C04F79EFBC}") = "Tyuiu.NurpeisovaAK.Sprint1.Task0.V14.Lib", "Tyuiu.NurpeisovaAK.Sprint1.Task0.V14.Lib\Tyuiu.NurpeisovaAK.Sprint1.Task0.V14.Lib.csproj", "{5E03D40E-ED4D-4E42-993F-E0F04BE3261C}"
EndProject
Project("{FAE04EC0-301F-11D3-BF4B-00C04F79EFBC}") = "Tyuiu.NurpeisovaAK.Sprint1.Task0.V14", "Tyuiu.NurpeisovaAK.Sprint1.Task0.V14\Tyuiu.NurpeisovaAK.Sprint1.Task0.V14.csproj", "{AF9DBB35-3E29-43A6-82D8-21B86351643D}"
EndProject
Project("{2150E333-8FDC-42A3-9474-1A3956D46DE8}") = "Task0", "Task0", "{02EA681E-C7D8-13C7-8484-4AC65E1B71E8}"
EndProject
Project("{2150E333-8FDC-42A3-9474-1A3956D46DE8}") = "Task1", "Task1", "{0142B270-266A-4485-AA81-13CE6376D095}"
EndProject
Project("{FAE04EC0-301F-11D3-BF4B-00C04F79EFBC}") = "Tyuiu.NurpeisovaAK.Sprint1.Task1.V8.Test", "Tyuiu.NurpeisovaAK.Sprint1.Task1.V8.Test\Tyuiu.NurpeisovaAK.Sprint1.Task1.V8.Test.csproj", "{C4E73DC1-CF0D-4AF8-86C8-4CB7082E663C}"
EndProject
Project("{FAE04EC0-301F-11D3-BF4B-00C04F79EFBC}") = "Tyuiu.NurpeisovaAK.Sprint1.Task1.V8.Lib", "Tyuiu.NurpeisovaAK.Sprint1.Task1.V8.Lib\Tyuiu.NurpeisovaAK.Sprint1.Task1.V8.Lib.csproj", "{4F2E376D-8186-416E-8C93-E70EE78D96B7}"
EndProject
Project("{FAE04EC0-301F-11D3-BF4B-00C04F79EFBC}") = "Tyuiu.NurpeisovaAK.Sprint1.Task1.V8", "Tyuiu.NurpeisovaAK.Sprint1.Task1.V8\Tyuiu.NurpeisovaAK.Sprint1.Task1.V8.csproj", "{485DC554-69FA-4DEA-91CA-DFFBB8D6F5A1}"
EndProject
Project("{2150E333-8FDC-42A3-9474-1A3956D46DE8}") = "Task2", "Task2", "{26D80BFE-2705-42D9-BF7C-D27CE5E27078}"
EndProject
Project("{FAE04EC0-301F-11D3-BF4B-00C04F79EFBC}") = "Tyuiu.NurpeisovaAK.Sprint1.Task2.V6.Test", "Tyuiu.NurpeisovaAK.Sprint1.Task2.V6.Test\Tyuiu.NurpeisovaAK.Sprint1.Task2.V6.Test.csproj", "{77C5437D-F3BA-4E46-AD71-7C17B8640E70}"
EndProject
Project("{FAE04EC0-301F-11D3-BF4B-00C04F79EFBC}") = "Tyuiu.NurpeisovaAK.Sprint1.Task2.V6.Lib", "Tyuiu.NurpeisovaAK.Sprint1.Task2.V6.Lib\Tyuiu.NurpeisovaAK.Sprint1.Task2.V6.Lib.csproj", "{DBAB7682-8A88-4AA4-A883-1BED051369AA}"
EndProject
Project("{FAE04EC0-301F-11D3-BF4B-00C04F79EFBC}") = "Tyuiu.NurpeisovaAK.Sprint1.Task2.V6", "Tyuiu.NurpeisovaAK.Sprint1.Task2.V6\Tyuiu.NurpeisovaAK.Sprint1.Task2.V6.csproj", "{4F6F8ACB-63A6-4E3A-8681-ED07F38BAB53}"
EndProject
Project("{2150E333-8FDC-42A3-9474-1A3956D46DE8}") = "Task3", "Task3", "{43B146EC-89CA-4FE4-831A-C84EC103E66F}"
EndProject
Project("{FAE04EC0-301F-11D3-BF4B-00C04F79EFBC}") = "Tyuiu.NurpeisovaAK.Sprint1.Task3.V1.Test", "Tyuiu.NurpeisovaAK.Sprint1.Task3.V1.Test\Tyuiu.NurpeisovaAK.Sprint1.Task3.V1.Test.csproj", "{23B11DA7-9644-47F3-88AB-09CEC87272A6}"
EndProject
Project("{FAE04EC0-301F-11D3-BF4B-00C04F79EFBC}") = "Tyuiu.NurpeisovaAK.Sprint1.Task3.V1.Lib", "Tyuiu.NurpeisovaAK.Sprint1.Task3.V1.Lib\Tyuiu.NurpeisovaAK.Sprint1.Task3.V1.Lib.csproj", "{7DCFE686-D523-4129-A643-1B6EF5C89930}"
EndProject
Project("{FAE04EC0-301F-11D3-BF4B-00C04F79EFBC}") = "Tyuiu.NurpeisovaAK.Sprint1.Task3.V1", "Tyuiu.NurpeisovaAK.Sprint1.Task3.V1\Tyuiu.NurpeisovaAK.Sprint1.Task3.V1.csproj", "{00C25D75-650A-4AD5-BC46-E5ADDB63567E}"
EndProject
Project("{2150E333-8FDC-42A3-9474-1A3956D46DE8}") = "Task4", "Task4", "{E9AF4A0F-1F52-4A80-B510-3DA495E946C5}"
EndProject
Project("{FAE04EC0-301F-11D3-BF4B-00C04F79EFBC}") = "Tyuiu.NurpeisovaAK.Sprint1.Task4.V17.Test", "Tyuiu.NurpeisovaAK.Sprint1.Task4.V17.Test\Tyuiu.NurpeisovaAK.Sprint1.Task4.V17.Test.csproj", "{CBA3C39A-02E1-42B5-9A9A-D10D70CADCC6}"
EndProject
Project("{FAE04EC0-301F-11D3-BF4B-00C04F79EFBC}") = "Tyuiu.NurpeisovaAK.Sprint1.Task4.V17.Lib", "Tyuiu.NurpeisovaAK.Sprint1.Task4.V17.Lib\Tyuiu.NurpeisovaAK.Sprint1.Task4.V17.Lib.csproj", "{2A5B94E4-C13F-470F-B634-1A6B6053E5AA}"
EndProject
Project("{FAE04EC0-301F-11D3-BF4B-00C04F79EFBC}") = "Tyuiu.NurpeisovaAK.Sprint1.Task4.V17", "Tyuiu.NurpeisovaAK.Sprint1.Task4.V17\Tyuiu.NurpeisovaAK.Sprint1.Task4.V17.csproj", "{8E97C097-F029-44C0-AC3D-67DB069A2152}"
EndProject
Global
	GlobalSection(SolutionConfigurationPlatforms) = preSolution
		Debug|Any CPU = Debug|Any CPU
		Release|Any CPU = Release|Any CPU
	EndGlobalSection
	GlobalSection(ProjectConfigurationPlatforms) = postSolution
		{79F6EE0C-6F7B-4805-BE0D-3C791A43CED8}.Debug|Any CPU.ActiveCfg = Debug|Any CPU
		{79F6EE0C-6F7B-4805-BE0D-3C791A43CED8}.Debug|Any CPU.Build.0 = Debug|Any CPU
		{79F6EE0C-6F7B-4805-BE0D-3C791A43CED8}.Release|Any CPU.ActiveCfg = Release|Any CPU
		{79F6EE0C-6F7B-4805-BE0D-3C791A43CED8}.Release|Any CPU.Build.0 = Release|Any CPU
		{5E03D40E-ED4D-4E42-993F-E0F04BE3261C}.Debug|Any CPU.ActiveCfg = Debug|Any CPU
		{5E03D40E-ED4D-4E42-993F-E0F04BE3261C}.Debug|Any CPU.Build.0 = Debug|Any CPU
		{5E03D40E-ED4D-4E42-993F-E0F04BE3261C}.Release|Any CPU.ActiveCfg = Release|Any CPU
		{5E03D40E-ED4D-4E42-993F-E0F04BE3261C}.Release|Any CPU.Build.0 = Release|Any CPU
		{AF9DBB35-3E29-43A6-82D8-21B86351643D}.Debug|Any CPU.ActiveCfg = Debug|Any CPU
		{AF9DBB35-3E29-43A6-82D8-21B86351643D}.Debug|Any CPU.Build.0 = Debug|Any CPU
		{AF9DBB35-3E29-43A6-82D8-21B86351643D}.Release|Any CPU.ActiveCfg = Release|Any CPU
		{AF9DBB35-3E29-43A6-82D8-21B86351643D}.Release|Any CPU.Build.0 = Release|Any CPU
		{C4E73DC1-CF0D-4AF8-86C8-4CB7082E663C}.Debug|Any CPU.ActiveCfg = Debug|Any CPU
		{C4E73DC1-CF0D-4AF8-86C8-4CB7082E663C}.Debug|Any CPU.Build.0 = Debug|Any CPU
		{C4E73DC1-CF0D-4AF8-86C8-4CB7082E663C}.Release|Any CPU.ActiveCfg = Release|Any CPU
		{C4E73DC1-CF0D-4AF8-86C8-4CB7082E663C}.Release|Any CPU.Build.0 = Release|Any CPU
		{4F2E376D-8186-416E-8C93-E70EE78D96B7}.Debug|Any CPU.ActiveCfg = Debug|Any CPU
		{4F2E376D-8186-416E-8C93-E70EE78D96B7}.Debug|Any CPU.Build.0 = Debug|Any CPU
		{4F2E376D-8186-416E-8C93-E70EE78D96B7}.Release|Any CPU.ActiveCfg = Release|Any CPU
		{4F2E376D-8186-416E-8C93-E70EE78D96B7}.Release|Any CPU.Build.0 = Release|Any CPU
		{485DC554-69FA-4DEA-91CA-DFFBB8D6F5A1}.Debug|Any CPU.ActiveCfg = Debug|Any CPU
		{485DC554-69FA-4DEA-91CA-DFFBB8D6F5A1}.Debug|Any CPU.Build.0 = Debug|Any CPU
		{485DC554-69FA-4DEA-91CA-DFFBB8D6F5A1}.Release|Any CPU.ActiveCfg = Release|Any CPU
		{485DC554-69FA-4DEA-91CA-DFFBB8D6F5A1}.Release|Any CPU.Build.0 = Release|Any CPU
		{77C5437D-F3BA-4E46-AD71-7C17B8640E70}.Debug|Any CPU.ActiveCfg = Debug|Any CPU
		{77C5437D-F3BA-4E46-AD71-7C17B8640E70}.Debug|Any CPU.Build.0 = Debug|Any CPU
		{77C5437D-F3BA-4E46-AD71-7C17B8640E70}.Release|Any CPU.ActiveCfg = Release|Any CPU
		{77C5437D-F3BA-4E46-AD71-7C17B8640E70}.Release|Any CPU.Build.0 = Release|Any CPU
		{DBAB7682-8A88-4AA4-A883-1BED051369AA}.Debug|Any CPU.ActiveCfg = Debug|Any CPU
		{DBAB7682-8A88-4AA4-A883-1BED051369AA}.Debug|Any CPU.Build.0 = Debug|Any CPU
		{DBAB7682-8A88-4AA4-A883-1BED051369AA}.Release|Any CPU.ActiveCfg = Release|Any CPU
		{DBAB7682-8A88-4AA4-A883-1BED051369AA}.Release|Any CPU.Build.0 = Release|Any CPU
		{4F6F8ACB-63A6-4E3A-8681-ED07F38BAB53}.Debug|Any CPU.ActiveCfg = Debug|Any CPU
		{4F6F8ACB-63A6-4E3A-8681-ED07F38BAB53}.Debug|Any CPU.Build.0 = Debug|Any CPU
		{4F6F8ACB-63A6-4E3A-8681-ED07F38BAB53}.Release|Any CPU.ActiveCfg = Release|Any CPU
		{4F6F8ACB-63A6-4E3A-8681-ED07F38BAB53}.Release|Any CPU.Build.0 = Release|Any CPU
		{23B11DA7-9644-47F3-88AB-09CEC87272A6}.Debug|Any CPU.ActiveCfg = Debug|Any CPU
		{23B11DA7-9644-47F3-88AB-09CEC87272A6}.Debug|Any CPU.Build.0 = Debug|Any CPU
		{23B11DA7-9644-47F3-88AB-09CEC87272A6}.Release|Any CPU.ActiveCfg = Release|Any CPU
		{23B11DA7-9644-47F3-88AB-09CEC87272A6}.Release|Any CPU.Build.0 = Release|Any CPU
		{7DCFE686-D523-4129-A643-1B6EF5C89930}.Debug|Any CPU.ActiveCfg = Debug|Any CPU
		{7DCFE686-D523-4129-A643-1B6EF5C89930}.Debug|Any CPU.Build.0 = Debug|Any CPU
		{7DCFE686-D523-4129-A643-1B6EF5C89930}.Release|Any CPU.ActiveCfg = Release|Any CPU
		{7DCFE686-D523-4129-A643-1B6EF5C89930}.Release|Any CPU.Build.0 = Release|Any CPU
		{00C25D75-650A-4AD5-BC46-E5ADDB63567E}.Debug|Any CPU.ActiveCfg = Debug|Any CPU
		{00C25D75-650A-4AD5-BC46-E5ADDB63567E}.Debug|Any CPU.Build.0 = Debug|Any CPU
		{00C25D75-650A-4AD5-BC46-E5ADDB63567E}.Release|Any CPU.ActiveCfg = Release|Any CPU
		{00C25D75-650A-4AD5-BC46-E5ADDB63567E}.Release|Any CPU.Build.0 = Release|Any CPU
		{CBA3C39A-02E1-42B5-9A9A-D10D70CADCC6}.Debug|Any CPU.ActiveCfg = Debug|Any CPU
		{CBA3C39A-02E1-42B5-9A9A-D10D70CADCC6}.Debug|Any CPU.Build.0 = Debug|Any CPU
		{CBA3C39A-02E1-42B5-9A9A-D10D70CADCC6}.Release|Any CPU.ActiveCfg = Release|Any CPU
		{CBA3C39A-02E1-42B5-9A9A-D10D70CADCC6}.Release|Any CPU.Build.0 = Release|Any CPU
		{2A5B94E4-C13F-470F-B634-1A6B6053E5AA}.Debug|Any CPU.ActiveCfg = Debug|Any CPU
		{2A5B94E4-C13F-470F-B634-1A6B6053E5AA}.Debug|Any CPU.Build.0 = Debug|Any CPU
		{2A5B94E4-C13F-470F-B634-1A6B6053E5AA}.Release|Any CPU.ActiveCfg = Release|Any CPU
		{2A5B94E4-C13F-470F-B634-1A6B6053E5AA}.Release|Any CPU.Build.0 = Release|Any CPU
		{8E97C097-F029-44C0-AC3D-67DB069A2152}.Debug|Any CPU.ActiveCfg = Debug|Any CPU
		{8E97C097-F029-44C0-AC3D-67DB069A2152}.Debug|Any CPU.Build.0 = Debug|Any CPU
		{8E97C097-F029-44C0-AC3D-67DB069A2152}.Release|Any CPU.ActiveCfg = Release|Any CPU
		{8E97C097-F029-44C0-AC3D-67DB069A2152}.Release|Any CPU.Build.0 = Release|Any CPU
	EndGlobalSection
	GlobalSection(SolutionProperties) = preSolution
		HideSolutionNode = FALSE
	EndGlobalSection
	GlobalSection(NestedProjects) = preSolution
		{79F6EE0C-6F7B-4805-BE0D-3C791A43CED8} = {02EA681E-C7D8-13C7-8484-4AC65E1B71E8}
		{5E03D40E-ED4D-4E42-993F-E0F04BE3261C} = {02EA681E-C7D8-13C7-8484-4AC65E1B71E8}
		{AF9DBB35-3E29-43A6-82D8-21B86351643D} = {02EA681E-C7D8-13C7-8484-4AC65E1B71E8}
		{C4E73DC1-CF0D-4AF8-86C8-4CB7082E663C} = {0142B270-266A-4485-AA81-13CE6376D095}
		{4F2E376D-8186-416E-8C93-E70EE78D96B7} = {0142B270-266A-4485-AA81-13CE6376D095}
		{485DC554-69FA-4DEA-91CA-DFFBB8D6F5A1} = {0142B270-266A-4485-AA81-13CE6376D095}
		{77C5437D-F3BA-4E46-AD71-7C17B8640E70} = {26D80BFE-2705-42D9-BF7C-D27CE5E27078}
		{DBAB7682-8A88-4AA4-A883-1BED051369AA} = {26D80BFE-2705-42D9-BF7C-D27CE5E27078}
		{4F6F8ACB-63A6-4E3A-8681-ED07F38BAB53} = {26D80BFE-2705-42D9-BF7C-D27CE5E27078}
		{23B11DA7-9644-47F3-88AB-09CEC87272A6} = {43B146EC-89CA-4FE4-831A-C84EC103E66F}
		{7DCFE686-D523-4129-A643-1B6EF5C89930} = {43B146EC-89CA-4FE4-831A-C84EC103E66F}
		{00C25D75-650A-4AD5-BC46-E5ADDB63567E} = {43B146EC-89CA-4FE4-831A-C84EC103E66F}
		{CBA3C39A-02E1-42B5-9A9A-D10D70CADCC6} = {E9AF4A0F-1F52-4A80-B510-3DA495E946C5}
		{2A5B94E4-C13F-470F-B634-1A6B6053E5AA} = {E9AF4A0F-1F52-4A80-B510-3DA495E946C5}
		{8E97C097-F029-44C0-AC3D-67DB069A2152} = {E9AF4A0F-1F52-4A80-B510-3DA495E946C5}
	EndGlobalSection
	GlobalSection(ExtensibilityGlobals) = postSolution
		SolutionGuid = {565F3EAE-F0C2-4A43-B712-D45C9B556CE5}
	EndGlobalSection
EndGlobal
