
Microsoft Visual Studio Solution File, Format Version 12.00
# Visual Studio Version 17
VisualStudioVersion = 17.14.37614.0 d17.14
MinimumVisualStudioVersion = 10.0.40219.1
Project("{FAE04EC0-301F-11D3-BF4B-00C04F79EFBC}") = "Tyuiu.NurpeisovaAK.Sprint1.Task0.V14.Test", "Tyuiu.NurpeisovaAK.Sprint1.Task0.V14.Test\Tyuiu.NurpeisovaAK.Sprint1.Task0.V14.Test.csproj", "{79F6EE0C-6F7B-4805-BE0D-3C791A43CED8}"
EndProject
Project("{FAE04EC0-301F-11D3-BF4B-00C04F79EFBC}") = "Tyuiu.NurpeisovaAK.Sprint1.Task0.V14.Lib", "Tyuiu.NurpeisovaAK.Sprint1.Task0.V14.Lib\Tyuiu.NurpeisovaAK.Sprint1.Task0.V14.Lib.csproj", "{5E03D40E-ED4D-4E42-993F-E0F04BE3261C}"
EndProject
Project("{FAE04EC0-301F-11D3-BF4B-00C04F79EFBC}") = "Tyuiu.NurpeisovaAK.Sprint1.Task0.V14", "Tyuiu.NurpeisovaAK.Sprint1.Task0.V14\Tyuiu.NurpeisovaAK.Sprint1.Task0.V14.csproj", "{AF9DBB35-3E29-43A6-82D8-21B86351643D}"
EndProject
Project("{2150E333-8FDC-42A3-9474-1A3956D46DE8}") = "Task0", "Task0", "{02EA681E-C7D8-13C7-8484-4AC65E1B71E8}"
EndProject
Global
	GlobalSection(SolutionConfigurationPlatforms) = preSolution
		Debug|Any CPU = Debug|Any CPU
		Release|Any CPU = Release|Any CPU
	EndGlobalSection
	GlobalSection(ProjectConfigurationPlatforms) = postSolution
		{79F6EE0C-6F7B-4805-BE0D-3C791A43CED8}.Debug|Any CPU.ActiveCfg = Debug|Any CPU
		{79F6EE0C-6F7B-4805-BE0D-3C791A43CED8}.Debug|Any CPU.Build.0 = Debug|Any CPU
		{79F6EE0C-6F7B-4805-BE0D-3C791A43CED8}.Release|Any CPU.ActiveCfg = Release|Any CPU
		{79F6EE0C-6F7B-4805-BE0D-3C791A43CED8}.Release|Any CPU.Build.0 = Release|Any CPU
		{5E03D40E-ED4D-4E42-993F-E0F04BE3261C}.Debug|Any CPU.ActiveCfg = Debug|Any CPU
		{5E03D40E-ED4D-4E42-993F-E0F04BE3261C}.Debug|Any CPU.Build.0 = Debug|Any CPU
		{5E03D40E-ED4D-4E42-993F-E0F04BE3261C}.Release|Any CPU.ActiveCfg = Release|Any CPU
		{5E03D40E-ED4D-4E42-993F-E0F04BE3261C}.Release|Any CPU.Build.0 = Release|Any CPU
		{AF9DBB35-3E29-43A6-82D8-21B86351643D}.Debug|Any CPU.ActiveCfg = Debug|Any CPU
		{AF9DBB35-3E29-43A6-82D8-21B86351643D}.Debug|Any CPU.Build.0 = Debug|Any CPU
		{AF9DBB35-3E29-43A6-82D8-21B86351643D}.Release|Any CPU.ActiveCfg = Release|Any CPU
		{AF9DBB35-3E29-43A6-82D8-21B86351643D}.Release|Any CPU.Build.0 = Release|Any CPU
	EndGlobalSection
	GlobalSection(SolutionProperties) = preSolution
		HideSolutionNode = FALSE
	EndGlobalSection
	GlobalSection(NestedProjects) = preSolution
		{79F6EE0C-6F7B-4805-BE0D-3C791A43CED8} = {02EA681E-C7D8-13C7-8484-4AC65E1B71E8}
		{5E03D40E-ED4D-4E42-993F-E0F04BE3261C} = {02EA681E-C7D8-13C7-8484-4AC65E1B71E8}
		{AF9DBB35-3E29-43A6-82D8-21B86351643D} = {02EA681E-C7D8-13C7-8484-4AC65E1B71E8}
	EndGlobalSection
	GlobalSection(ExtensibilityGlobals) = postSolution
		SolutionGuid = {565F3EAE-F0C2-4A43-B712-D45C9B556CE5}
	EndGlobalSection
EndGlobal
